Microsoft Visual Studio Solution File, Format Version 12.00
# Visual Studio Version 16
VisualStudioVersion = 16.0.28729.10
MinimumVisualStudioVersion = 10.0.40219.1
Project("{9A19103F-16F7-4668-BE54-9A1E7A4F7556}") = "Evidences.Domain", "Evidences.Domain\Evidences.Domain.csproj", "{8EBD8FC2-336C-4FAB-9757-CF7EA653E449}"
EndProject
Project("{9A19103F-16F7-4668-BE54-9A1E7A4F7556}") = "Evidences.Infra", "Evidences.Infra\Evidences.Infra.csproj", "{2476D35A-7102-40AB-AC7C-880599A29DEE}"
EndProject
Project("{FAE04EC0-301F-11D3-BF4B-00C04F79EFBC}") = "Evidences.API", "Evidences.API\Evidences.API.csproj", "{755D9051-375E-45E3-8E79-B62FB7CC52A1}"
EndProject
Global
	GlobalSection(SolutionConfigurationPlatforms) = preSolution
		Debug|Any CPU = Debug|Any CPU
		Release|Any CPU = Release|Any CPU
	EndGlobalSection
	GlobalSection(ProjectConfigurationPlatforms) = postSolution
		{8EBD8FC2-336C-4FAB-9757-CF7EA653E449}.Debug|Any CPU.ActiveCfg = Debug|Any CPU
		{8EBD8FC2-336C-4FAB-9757-CF7EA653E449}.Debug|Any CPU.Build.0 = Debug|Any CPU
		{8EBD8FC2-336C-4FAB-9757-CF7EA653E449}.Release|Any CPU.ActiveCfg = Release|Any CPU
		{8EBD8FC2-336C-4FAB-9757-CF7EA653E449}.Release|Any CPU.Build.0 = Release|Any CPU
		{2476D35A-7102-40AB-AC7C-880599A29DEE}.Debug|Any CPU.ActiveCfg = Debug|Any CPU
		{2476D35A-7102-40AB-AC7C-880599A29DEE}.Debug|Any CPU.Build.0 = Debug|Any CPU
		{2476D35A-7102-40AB-AC7C-880599A29DEE}.Release|Any CPU.ActiveCfg = Release|Any CPU
		{2476D35A-7102-40AB-AC7C-880599A29DEE}.Release|Any CPU.Build.0 = Release|Any CPU
		{755D9051-375E-45E3-8E79-B62FB7CC52A1}.Debug|Any CPU.ActiveCfg = Debug|Any CPU
		{755D9051-375E-45E3-8E79-B62FB7CC52A1}.Debug|Any CPU.Build.0 = Debug|Any CPU
		{755D9051-375E-45E3-8E79-B62FB7CC52A1}.Release|Any CPU.ActiveCfg = Release|Any CPU
		{755D9051-375E-45E3-8E79-B62FB7CC52A1}.Release|Any CPU.Build.0 = Release|Any CPU
	EndGlobalSection
	GlobalSection(SolutionProperties) = preSolution
		HideSolutionNode = FALSE
	EndGlobalSection
	GlobalSection(ExtensibilityGlobals) = postSolution
		SolutionGuid = {137DB1AB-E51E-4ADE-8692-351004F67DB5}
	EndGlobalSection
EndGlobal
